
Microsoft Visual Studio Solution File, Format Version 12.00
# Visual Studio Version 16
VisualStudioVersion = 16.0.31025.194
MinimumVisualStudioVersion = 10.0.40219.1
Project("{FAE04EC0-301F-11D3-BF4B-00C04F79EFBC}") = "NetCoreVue", "NetCoreVue\NetCoreVue.csproj", "{8AAE5B58-C31C-4551-86C2-51CB2FB086E4}"
EndProject
Global
	GlobalSection(SolutionConfigurationPlatforms) = preSolution
		Debug|Any CPU = Debug|Any CPU
		Release|Any CPU = Release|Any CPU
	EndGlobalSection
	GlobalSection(ProjectConfigurationPlatforms) = postSolution
		{8AAE5B58-C31C-4551-86C2-51CB2FB086E4}.Debug|Any CPU.ActiveCfg = Debug|Any CPU
		{8AAE5B58-C31C-4551-86C2-51CB2FB086E4}.Debug|Any CPU.Build.0 = Debug|Any CPU
		{8AAE5B58-C31C-4551-86C2-51CB2FB086E4}.Release|Any CPU.ActiveCfg = Release|Any CPU
		{8AAE5B58-C31C-4551-86C2-51CB2FB086E4}.Release|Any CPU.Build.0 = Release|Any CPU
	EndGlobalSection
	GlobalSection(SolutionProperties) = preSolution
		HideSolutionNode = FALSE
	EndGlobalSection
	GlobalSection(ExtensibilityGlobals) = postSolution
		SolutionGuid = {DD173D83-6AE8-428C-8B01-535224253163}
	EndGlobalSection
EndGlobal
